
Microsoft Visual Studio Solution File, Format Version 12.00
# Visual Studio Version 17
VisualStudioVersion = 17.3.32901.215
MinimumVisualStudioVersion = 10.0.40219.1
Project("{FAE04EC0-301F-11D3-BF4B-00C04F79EFBC}") = "ConsoleApp1", "ConsoleApp1\ConsoleApp1.csproj", "{65317FC6-3DF5-4227-970F-A0111613753B}"
EndProject
Global
	GlobalSection(SolutionConfigurationPlatforms) = preSolution
		Debug|Any CPU = Debug|Any CPU
		Release|Any CPU = Release|Any CPU
	EndGlobalSection
	GlobalSection(ProjectConfigurationPlatforms) = postSolution
		{65317FC6-3DF5-4227-970F-A0111613753B}.Debug|Any CPU.ActiveCfg = Debug|Any CPU
		{65317FC6-3DF5-4227-970F-A0111613753B}.Debug|Any CPU.Build.0 = Debug|Any CPU
		{65317FC6-3DF5-4227-970F-A0111613753B}.Release|Any CPU.ActiveCfg = Release|Any CPU
		{65317FC6-3DF5-4227-970F-A0111613753B}.Release|Any CPU.Build.0 = Release|Any CPU
	EndGlobalSection
	GlobalSection(SolutionProperties) = preSolution
		HideSolutionNode = FALSE
	EndGlobalSection
	GlobalSection(ExtensibilityGlobals) = postSolution
		SolutionGuid = {8B546257-4760-4BAC-9F3E-CDFF223F6183}
	EndGlobalSection
EndGlobal
